
Microsoft Visual Studio Solution File, Format Version 12.00
# Visual Studio Version 17
VisualStudioVersion = 17.9.34728.123
MinimumVisualStudioVersion = 10.0.40219.1
Project("{FAE04EC0-301F-11D3-BF4B-00C04F79EFBC}") = "OnTap_Ltt_QlSinhVien", "OnTap_Ltt_QlSinhVien\OnTap_Ltt_QlSinhVien.csproj", "{66962639-1B1E-4123-AD8E-0CAFF0D7F42B}"
EndProject
Global
	GlobalSection(SolutionConfigurationPlatforms) = preSolution
		Debug|Any CPU = Debug|Any CPU
		Release|Any CPU = Release|Any CPU
	EndGlobalSection
	GlobalSection(ProjectConfigurationPlatforms) = postSolution
		{66962639-1B1E-4123-AD8E-0CAFF0D7F42B}.Debug|Any CPU.ActiveCfg = Debug|Any CPU
		{66962639-1B1E-4123-AD8E-0CAFF0D7F42B}.Debug|Any CPU.Build.0 = Debug|Any CPU
		{66962639-1B1E-4123-AD8E-0CAFF0D7F42B}.Release|Any CPU.ActiveCfg = Release|Any CPU
		{66962639-1B1E-4123-AD8E-0CAFF0D7F42B}.Release|Any CPU.Build.0 = Release|Any CPU
	EndGlobalSection
	GlobalSection(SolutionProperties) = preSolution
		HideSolutionNode = FALSE
	EndGlobalSection
	GlobalSection(ExtensibilityGlobals) = postSolution
		SolutionGuid = {62DEFF9A-BEC5-47E8-8D52-307EE3F9A254}
	EndGlobalSection
EndGlobal
