
Microsoft Visual Studio Solution File, Format Version 12.00
# Visual Studio Version 17
VisualStudioVersion = 17.9.34728.123
MinimumVisualStudioVersion = 10.0.40219.1
Project("{FAE04EC0-301F-11D3-BF4B-00C04F79EFBC}") = "LttLesson8", "LttLesson8\LttLesson8.csproj", "{10EB131C-B6D3-47C5-9492-9054729D2930}"
EndProject
Global
	GlobalSection(SolutionConfigurationPlatforms) = preSolution
		Debug|Any CPU = Debug|Any CPU
		Release|Any CPU = Release|Any CPU
	EndGlobalSection
	GlobalSection(ProjectConfigurationPlatforms) = postSolution
		{10EB131C-B6D3-47C5-9492-9054729D2930}.Debug|Any CPU.ActiveCfg = Debug|Any CPU
		{10EB131C-B6D3-47C5-9492-9054729D2930}.Debug|Any CPU.Build.0 = Debug|Any CPU
		{10EB131C-B6D3-47C5-9492-9054729D2930}.Release|Any CPU.ActiveCfg = Release|Any CPU
		{10EB131C-B6D3-47C5-9492-9054729D2930}.Release|Any CPU.Build.0 = Release|Any CPU
	EndGlobalSection
	GlobalSection(SolutionProperties) = preSolution
		HideSolutionNode = FALSE
	EndGlobalSection
	GlobalSection(ExtensibilityGlobals) = postSolution
		SolutionGuid = {7924C558-3F6E-45BA-84C0-43D35CA05E89}
	EndGlobalSection
EndGlobal
