
Microsoft Visual Studio Solution File, Format Version 12.00
# Visual Studio Version 17
VisualStudioVersion = 17.9.34728.123
MinimumVisualStudioVersion = 10.0.40219.1
Project("{FAE04EC0-301F-11D3-BF4B-00C04F79EFBC}") = "Lab03_2_LeTuantinh_K22CNTT1", "Lab03_2_LeTuantinh_K22CNTT1\Lab03_2_LeTuantinh_K22CNTT1.csproj", "{60F94B6E-D115-4F09-8F4F-9CFB58A5D369}"
EndProject
Global
	GlobalSection(SolutionConfigurationPlatforms) = preSolution
		Debug|Any CPU = Debug|Any CPU
		Release|Any CPU = Release|Any CPU
	EndGlobalSection
	GlobalSection(ProjectConfigurationPlatforms) = postSolution
		{60F94B6E-D115-4F09-8F4F-9CFB58A5D369}.Debug|Any CPU.ActiveCfg = Debug|Any CPU
		{60F94B6E-D115-4F09-8F4F-9CFB58A5D369}.Debug|Any CPU.Build.0 = Debug|Any CPU
		{60F94B6E-D115-4F09-8F4F-9CFB58A5D369}.Release|Any CPU.ActiveCfg = Release|Any CPU
		{60F94B6E-D115-4F09-8F4F-9CFB58A5D369}.Release|Any CPU.Build.0 = Release|Any CPU
	EndGlobalSection
	GlobalSection(SolutionProperties) = preSolution
		HideSolutionNode = FALSE
	EndGlobalSection
	GlobalSection(ExtensibilityGlobals) = postSolution
		SolutionGuid = {053BF26B-1884-444B-B6FD-A8B2625D30B2}
	EndGlobalSection
EndGlobal
