
Microsoft Visual Studio Solution File, Format Version 12.00
# Visual Studio Version 17
VisualStudioVersion = 17.9.34728.123
MinimumVisualStudioVersion = 10.0.40219.1
Project("{FAE04EC0-301F-11D3-BF4B-00C04F79EFBC}") = "LttLesson09", "LttLesson09\LttLesson09.csproj", "{64AE9252-BB25-48E4-A146-C208FFBBA05C}"
EndProject
Global
	GlobalSection(SolutionConfigurationPlatforms) = preSolution
		Debug|Any CPU = Debug|Any CPU
		Release|Any CPU = Release|Any CPU
	EndGlobalSection
	GlobalSection(ProjectConfigurationPlatforms) = postSolution
		{64AE9252-BB25-48E4-A146-C208FFBBA05C}.Debug|Any CPU.ActiveCfg = Debug|Any CPU
		{64AE9252-BB25-48E4-A146-C208FFBBA05C}.Debug|Any CPU.Build.0 = Debug|Any CPU
		{64AE9252-BB25-48E4-A146-C208FFBBA05C}.Release|Any CPU.ActiveCfg = Release|Any CPU
		{64AE9252-BB25-48E4-A146-C208FFBBA05C}.Release|Any CPU.Build.0 = Release|Any CPU
	EndGlobalSection
	GlobalSection(SolutionProperties) = preSolution
		HideSolutionNode = FALSE
	EndGlobalSection
	GlobalSection(ExtensibilityGlobals) = postSolution
		SolutionGuid = {523A8F3F-1048-42C5-9719-D227684AF91D}
	EndGlobalSection
EndGlobal
